
Microsoft Visual Studio Solution File, Format Version 12.00
# Visual Studio 14
VisualStudioVersion = 14.0.24720.0
MinimumVisualStudioVersion = 10.0.40219.1
Project("{FAE04EC0-301F-11D3-BF4B-00C04F79EFBC}") = "ConsoleApp", "ConsoleApplication1\ConsoleApp.csproj", "{127EF6A4-FC8C-4BBA-9A2A-2EE15EE1B04F}"
EndProject
Project("{FAE04EC0-301F-11D3-BF4B-00C04F79EFBC}") = "ClassLib", "ClassLib\ClassLib.csproj", "{5C0C74DA-A2EF-49DD-B235-A1510755AC05}"
EndProject
Project("{FAE04EC0-301F-11D3-BF4B-00C04F79EFBC}") = "UnitTestProject1", "UnitTestProject1\UnitTestProject1.csproj", "{3B6EBF4E-13B8-4E30-BF5A-688432B69C5A}"
EndProject
Global
	GlobalSection(SolutionConfigurationPlatforms) = preSolution
		Debug|Any CPU = Debug|Any CPU
		Release|Any CPU = Release|Any CPU
	EndGlobalSection
	GlobalSection(ProjectConfigurationPlatforms) = postSolution
		{127EF6A4-FC8C-4BBA-9A2A-2EE15EE1B04F}.Debug|Any CPU.ActiveCfg = Debug|Any CPU
		{127EF6A4-FC8C-4BBA-9A2A-2EE15EE1B04F}.Debug|Any CPU.Build.0 = Debug|Any CPU
		{127EF6A4-FC8C-4BBA-9A2A-2EE15EE1B04F}.Release|Any CPU.ActiveCfg = Release|Any CPU
		{127EF6A4-FC8C-4BBA-9A2A-2EE15EE1B04F}.Release|Any CPU.Build.0 = Release|Any CPU
		{5C0C74DA-A2EF-49DD-B235-A1510755AC05}.Debug|Any CPU.ActiveCfg = Debug|Any CPU
		{5C0C74DA-A2EF-49DD-B235-A1510755AC05}.Debug|Any CPU.Build.0 = Debug|Any CPU
		{5C0C74DA-A2EF-49DD-B235-A1510755AC05}.Release|Any CPU.ActiveCfg = Release|Any CPU
		{5C0C74DA-A2EF-49DD-B235-A1510755AC05}.Release|Any CPU.Build.0 = Release|Any CPU
		{3B6EBF4E-13B8-4E30-BF5A-688432B69C5A}.Debug|Any CPU.ActiveCfg = Debug|Any CPU
		{3B6EBF4E-13B8-4E30-BF5A-688432B69C5A}.Debug|Any CPU.Build.0 = Debug|Any CPU
		{3B6EBF4E-13B8-4E30-BF5A-688432B69C5A}.Release|Any CPU.ActiveCfg = Release|Any CPU
		{3B6EBF4E-13B8-4E30-BF5A-688432B69C5A}.Release|Any CPU.Build.0 = Release|Any CPU
	EndGlobalSection
	GlobalSection(SolutionProperties) = preSolution
		HideSolutionNode = FALSE
	EndGlobalSection
EndGlobal
